<?xml version="1.0" encoding="utf-8"?>
<Project ToolsVersion="4.0" xmlns="http://schemas.microsoft.com/developer/msbuild/2003">
  <ItemGroup>
    <ClCompile Include="KaEnginePreCompile.cpp" />
    <ClCompile Include="Camera.cpp" />
    <ClCompile Include="gl.c" />
    <ClCompile Include="Input.cpp" />
    <ClCompile Include="stb.cpp" />
    <ClCompile Include="KaEngine.cpp" />
    <ClCompile Include="graphics\Material.cpp">
      <Filter>graphics</Filter>
    </ClCompile>
    <ClCompile Include="graphics\GraphicsEngine.cpp">
      <Filter>graphics</Filter>
    </ClCompile>
    <ClCompile Include="graphics\light\DirectionLight.cpp">
      <Filter>graphics\light</Filter>
    </ClCompile>
    <ClCompile Include="graphics\light\PointLight.cpp">
      <Filter>graphics\light</Filter>
    </ClCompile>
    <ClCompile Include="graphics\Mesh.cpp">
      <Filter>graphics</Filter>
    </ClCompile>
    <ClCompile Include="math\Matrix.cpp">
      <Filter>math</Filter>
    </ClCompile>
    <ClCompile Include="math\Transform.cpp">
      <Filter>math</Filter>
    </ClCompile>
    <ClCompile Include="math\Vector.cpp">
      <Filter>math</Filter>
    </ClCompile>
    <ClCompile Include="graphics\EBO.cpp">
      <Filter>graphics</Filter>
    </ClCompile>
    <ClCompile Include="graphics\VAO.cpp">
      <Filter>graphics</Filter>
    </ClCompile>
    <ClCompile Include="graphics\VBO.cpp">
      <Filter>graphics</Filter>
    </ClCompile>
    <ClCompile Include="graphics\UniformBuffer.cpp">
      <Filter>graphics</Filter>
    </ClCompile>
    <ClCompile Include="Math\BitFlag.cpp">
      <Filter>math</Filter>
    </ClCompile>
    <ClCompile Include="graphics\Sprite.cpp">
      <Filter>graphics</Filter>
    </ClCompile>
    <ClCompile Include="graphics\ShaderClass.cpp">
      <Filter>graphics</Filter>
    </ClCompile>
    <ClCompile Include="graphics\Texture.cpp">
      <Filter>graphics</Filter>
    </ClCompile>
    <ClCompile Include="gameObject\GameObject.cpp">
      <Filter>gameObject</Filter>
    </ClCompile>
    <ClCompile Include="gameObject\GameObjectManager.cpp">
      <Filter>gameObject</Filter>
    </ClCompile>
    <ClCompile Include="dbg\DebugCamera.cpp">
      <Filter>debug</Filter>
    </ClCompile>
    <ClCompile Include="graphics\RenderTarget.cpp">
      <Filter>graphics</Filter>
    </ClCompile>
  </ItemGroup>
  <ItemGroup>
    <ClInclude Include="KaEnginePreCompile.h" />
    <ClInclude Include="Camera.h" />
    <ClInclude Include="Input.h" />
    <ClInclude Include="KaEngine.h" />
    <ClInclude Include="util\Noncopyable.h">
      <Filter>util</Filter>
    </ClInclude>
    <ClInclude Include="timer\GameTime.h">
      <Filter>time</Filter>
    </ClInclude>
    <ClInclude Include="timer\Timer.h">
      <Filter>time</Filter>
    </ClInclude>
    <ClInclude Include="util\TResourceBank.h">
      <Filter>util</Filter>
    </ClInclude>
    <ClInclude Include="graphics\Material.h">
      <Filter>graphics</Filter>
    </ClInclude>
    <ClInclude Include="graphics\GraphicsEngine.h">
      <Filter>graphics</Filter>
    </ClInclude>
    <ClInclude Include="graphics\light\DirectionLight.h">
      <Filter>graphics\light</Filter>
    </ClInclude>
    <ClInclude Include="graphics\light\PointLight.h">
      <Filter>graphics\light</Filter>
    </ClInclude>
    <ClInclude Include="graphics\Mesh.h">
      <Filter>graphics</Filter>
    </ClInclude>
    <ClInclude Include="math\Mathf.h">
      <Filter>math</Filter>
    </ClInclude>
    <ClInclude Include="math\Matrix.h">
      <Filter>math</Filter>
    </ClInclude>
    <ClInclude Include="math\Transform.h">
      <Filter>math</Filter>
    </ClInclude>
    <ClInclude Include="math\Vector.h">
      <Filter>math</Filter>
    </ClInclude>
    <ClInclude Include="graphics\EBO.h">
      <Filter>graphics</Filter>
    </ClInclude>
    <ClInclude Include="graphics\VAO.h">
      <Filter>graphics</Filter>
    </ClInclude>
    <ClInclude Include="graphics\VBO.h">
      <Filter>graphics</Filter>
    </ClInclude>
    <ClInclude Include="graphics\UniformBuffer.h">
      <Filter>graphics</Filter>
    </ClInclude>
    <ClInclude Include="dbg\KaDebug.h">
      <Filter>debug</Filter>
    </ClInclude>
    <ClInclude Include="Math\BitFlag.h">
      <Filter>math</Filter>
    </ClInclude>
    <ClInclude Include="graphics\Sprite.h">
      <Filter>graphics</Filter>
    </ClInclude>
    <ClInclude Include="graphics\ShaderClass.h">
      <Filter>graphics</Filter>
    </ClInclude>
    <ClInclude Include="graphics\Texture.h">
      <Filter>graphics</Filter>
    </ClInclude>
    <ClInclude Include="gameObject\GameObject.h">
      <Filter>gameObject</Filter>
    </ClInclude>
    <ClInclude Include="gameObject\GameObjectManager.h">
      <Filter>gameObject</Filter>
    </ClInclude>
    <ClInclude Include="dbg\DebugCamera.h">
      <Filter>debug</Filter>
    </ClInclude>
    <ClInclude Include="graphics\RenderTarget.h">
      <Filter>graphics</Filter>
    </ClInclude>
    <ClInclude Include="graphics\RenderContext.h">
      <Filter>graphics</Filter>
    </ClInclude>
  </ItemGroup>
  <ItemGroup>
    <Filter Include="util">
      <UniqueIdentifier>{e3142ad9-10b8-4d10-ae2d-99abadf65f97}</UniqueIdentifier>
    </Filter>
    <Filter Include="math">
      <UniqueIdentifier>{d92e7340-9799-41f5-93d7-0237e39a0701}</UniqueIdentifier>
    </Filter>
    <Filter Include="graphics">
      <UniqueIdentifier>{e8c7ff58-49fc-4438-82ae-612aae0f2d1c}</UniqueIdentifier>
    </Filter>
    <Filter Include="time">
      <UniqueIdentifier>{8b45a476-e4c6-4d4e-9bb1-e4403b8b06bd}</UniqueIdentifier>
    </Filter>
    <Filter Include="graphics\light">
      <UniqueIdentifier>{47d4a000-32cf-42bb-9238-47bfa91221db}</UniqueIdentifier>
    </Filter>
    <Filter Include="debug">
      <UniqueIdentifier>{bf81401d-0b89-4bcb-9af2-871bd58b0e3a}</UniqueIdentifier>
    </Filter>
    <Filter Include="gameObject">
      <UniqueIdentifier>{b2490aa4-96c5-461e-9215-eaed63ee6372}</UniqueIdentifier>
    </Filter>
  </ItemGroup>
</Project>